Microsoft Visual Studio Solution File, Format Version 12.00
# Visual Studio Version 17
VisualStudioVersion = 17.5.2.0
MinimumVisualStudioVersion = 10.0.40219.1
Project("{FAE04EC0-301F-11D3-BF4B-00C04F79EFBC}") = "LC-Backrooms-Renewed", "LC-Backrooms-Renewed.csproj", "{78F4C310-E6A0-AB72-0FC7-1A71826B483D}"
EndProject
Global
	GlobalSection(SolutionConfigurationPlatforms) = preSolution
		Debug|Any CPU = Debug|Any CPU
		Release|Any CPU = Release|Any CPU
	EndGlobalSection
	GlobalSection(ProjectConfigurationPlatforms) = postSolution
		{78F4C310-E6A0-AB72-0FC7-1A71826B483D}.Debug|Any CPU.ActiveCfg = Debug|Any CPU
		{78F4C310-E6A0-AB72-0FC7-1A71826B483D}.Debug|Any CPU.Build.0 = Debug|Any CPU
		{78F4C310-E6A0-AB72-0FC7-1A71826B483D}.Release|Any CPU.ActiveCfg = Release|Any CPU
		{78F4C310-E6A0-AB72-0FC7-1A71826B483D}.Release|Any CPU.Build.0 = Release|Any CPU
	EndGlobalSection
	GlobalSection(SolutionProperties) = preSolution
		HideSolutionNode = FALSE
	EndGlobalSection
	GlobalSection(ExtensibilityGlobals) = postSolution
		SolutionGuid = {C488EE67-118A-4263-8DC3-1B534EC8C29F}
	EndGlobalSection
EndGlobal
